
Microsoft Visual Studio Solution File, Format Version 12.00
Project("{2150E333-8FDC-42A3-9474-1A3956D46DE8}") = "SolutionItems", "SolutionItems", "{3D459CB8-5E2F-4333-A78E-4CAFA4DF8200}"
	ProjectSection(SolutionItems) = preProject
		Directory.Packages.props = Directory.Packages.props
		.gitignore = .gitignore
	EndProjectSection
EndProject
Project("{2150E333-8FDC-42A3-9474-1A3956D46DE8}") = "docs", "docs", "{52645A38-E436-43A1-9B14-235FE7CF3445}"
	ProjectSection(SolutionItems) = preProject
		README.md = README.md
	EndProjectSection
EndProject
Project("{FAE04EC0-301F-11D3-BF4B-00C04F79EFBC}") = "AutoOptionRegistration", "src\AutoOptionRegistration.csproj", "{48EE9B09-CCAD-4448-AD71-C7D87A676E03}"
EndProject
Project("{2150E333-8FDC-42A3-9474-1A3956D46DE8}") = "src", "src", "{E9E4CBE1-6AF4-4B9E-9746-8740D6EB8536}"
EndProject
Project("{2150E333-8FDC-42A3-9474-1A3956D46DE8}") = "examples", "examples", "{EBC1942A-88AC-4D5B-8ECE-EFD2DD5B960A}"
EndProject
Project("{2150E333-8FDC-42A3-9474-1A3956D46DE8}") = "tests", "tests", "{54666B40-E3D8-4C1D-834B-774550A9C6DB}"
EndProject
Project("{FAE04EC0-301F-11D3-BF4B-00C04F79EFBC}") = "AutoOptionRegistration.test", "tests\AutoOptionRegistration.test\AutoOptionRegistration.test.csproj", "{A693DB9D-D603-40F8-BCB8-0B15F9B264B7}"
EndProject
Project("{FAE04EC0-301F-11D3-BF4B-00C04F79EFBC}") = "SimpleExample", "example\SimpleExample\SimpleExample.csproj", "{7E785F85-7DAA-4853-B34D-D4471DAD65C2}"
EndProject
Global
	GlobalSection(SolutionConfigurationPlatforms) = preSolution
		Debug|Any CPU = Debug|Any CPU
		Release|Any CPU = Release|Any CPU
	EndGlobalSection
	GlobalSection(ProjectConfigurationPlatforms) = postSolution
		{48EE9B09-CCAD-4448-AD71-C7D87A676E03}.Debug|Any CPU.ActiveCfg = Debug|Any CPU
		{48EE9B09-CCAD-4448-AD71-C7D87A676E03}.Debug|Any CPU.Build.0 = Debug|Any CPU
		{48EE9B09-CCAD-4448-AD71-C7D87A676E03}.Release|Any CPU.ActiveCfg = Release|Any CPU
		{48EE9B09-CCAD-4448-AD71-C7D87A676E03}.Release|Any CPU.Build.0 = Release|Any CPU
		{A693DB9D-D603-40F8-BCB8-0B15F9B264B7}.Debug|Any CPU.ActiveCfg = Debug|Any CPU
		{A693DB9D-D603-40F8-BCB8-0B15F9B264B7}.Debug|Any CPU.Build.0 = Debug|Any CPU
		{A693DB9D-D603-40F8-BCB8-0B15F9B264B7}.Release|Any CPU.ActiveCfg = Release|Any CPU
		{A693DB9D-D603-40F8-BCB8-0B15F9B264B7}.Release|Any CPU.Build.0 = Release|Any CPU
		{7E785F85-7DAA-4853-B34D-D4471DAD65C2}.Debug|Any CPU.ActiveCfg = Debug|Any CPU
		{7E785F85-7DAA-4853-B34D-D4471DAD65C2}.Debug|Any CPU.Build.0 = Debug|Any CPU
		{7E785F85-7DAA-4853-B34D-D4471DAD65C2}.Release|Any CPU.ActiveCfg = Release|Any CPU
		{7E785F85-7DAA-4853-B34D-D4471DAD65C2}.Release|Any CPU.Build.0 = Release|Any CPU
	EndGlobalSection
	GlobalSection(NestedProjects) = preSolution
		{48EE9B09-CCAD-4448-AD71-C7D87A676E03} = {E9E4CBE1-6AF4-4B9E-9746-8740D6EB8536}
		{A693DB9D-D603-40F8-BCB8-0B15F9B264B7} = {54666B40-E3D8-4C1D-834B-774550A9C6DB}
		{7E785F85-7DAA-4853-B34D-D4471DAD65C2} = {EBC1942A-88AC-4D5B-8ECE-EFD2DD5B960A}
	EndGlobalSection
EndGlobal
